
Microsoft Visual Studio Solution File, Format Version 12.00
# Visual Studio Version 17
VisualStudioVersion = 17.8.34511.84
MinimumVisualStudioVersion = 10.0.40219.1
Project("{FAE04EC0-301F-11D3-BF4B-00C04F79EFBC}") = "DevExpressProject", "DevExpressProject\DevExpressProject.csproj", "{8BA7E792-12A9-4A41-8724-D8B36C14EE65}"
EndProject
Global
	GlobalSection(SolutionConfigurationPlatforms) = preSolution
		Debug|Any CPU = Debug|Any CPU
		Release|Any CPU = Release|Any CPU
	EndGlobalSection
	GlobalSection(ProjectConfigurationPlatforms) = postSolution
		{8BA7E792-12A9-4A41-8724-D8B36C14EE65}.Debug|Any CPU.ActiveCfg = Debug|Any CPU
		{8BA7E792-12A9-4A41-8724-D8B36C14EE65}.Debug|Any CPU.Build.0 = Debug|Any CPU
		{8BA7E792-12A9-4A41-8724-D8B36C14EE65}.Release|Any CPU.ActiveCfg = Release|Any CPU
		{8BA7E792-12A9-4A41-8724-D8B36C14EE65}.Release|Any CPU.Build.0 = Release|Any CPU
	EndGlobalSection
	GlobalSection(SolutionProperties) = preSolution
		HideSolutionNode = FALSE
	EndGlobalSection
	GlobalSection(ExtensibilityGlobals) = postSolution
		SolutionGuid = {558DC132-7629-489E-B1B2-592206D99D87}
	EndGlobalSection
EndGlobal
